
Microsoft Visual Studio Solution File, Format Version 12.00
# Visual Studio Version 16
VisualStudioVersion = 16.0.32126.315
MinimumVisualStudioVersion = 10.0.40219.1
Project("{FAE04EC0-301F-11D3-BF4B-00C04F79EFBC}") = "ICETaskKFC", "ICETaskKFC\ICETaskKFC.csproj", "{29DAAF3D-32A8-4A59-92C5-6444826D7D5F}"
EndProject
Global
	GlobalSection(SolutionConfigurationPlatforms) = preSolution
		Debug|Any CPU = Debug|Any CPU
		Release|Any CPU = Release|Any CPU
	EndGlobalSection
	GlobalSection(ProjectConfigurationPlatforms) = postSolution
		{29DAAF3D-32A8-4A59-92C5-6444826D7D5F}.Debug|Any CPU.ActiveCfg = Debug|Any CPU
		{29DAAF3D-32A8-4A59-92C5-6444826D7D5F}.Debug|Any CPU.Build.0 = Debug|Any CPU
		{29DAAF3D-32A8-4A59-92C5-6444826D7D5F}.Release|Any CPU.ActiveCfg = Release|Any CPU
		{29DAAF3D-32A8-4A59-92C5-6444826D7D5F}.Release|Any CPU.Build.0 = Release|Any CPU
	EndGlobalSection
	GlobalSection(SolutionProperties) = preSolution
		HideSolutionNode = FALSE
	EndGlobalSection
	GlobalSection(ExtensibilityGlobals) = postSolution
		SolutionGuid = {9BCA4B3D-318E-45EA-AFE4-0809F08FFE06}
	EndGlobalSection
EndGlobal
